
Microsoft Visual Studio Solution File, Format Version 12.00
# Visual Studio Version 17
VisualStudioVersion = 17.0.32112.339
MinimumVisualStudioVersion = 10.0.40219.1
Project("{FAE04EC0-301F-11D3-BF4B-00C04F79EFBC}") = "RepairWaferLOT", "RepairWaferLOT\RepairWaferLOT.csproj", "{71BD008D-E91D-4121-9DBB-019CB077D2A1}"
EndProject
Global
	GlobalSection(SolutionConfigurationPlatforms) = preSolution
		Debug|Any CPU = Debug|Any CPU
		Release|Any CPU = Release|Any CPU
	EndGlobalSection
	GlobalSection(ProjectConfigurationPlatforms) = postSolution
		{71BD008D-E91D-4121-9DBB-019CB077D2A1}.Debug|Any CPU.ActiveCfg = Debug|Any CPU
		{71BD008D-E91D-4121-9DBB-019CB077D2A1}.Debug|Any CPU.Build.0 = Debug|Any CPU
		{71BD008D-E91D-4121-9DBB-019CB077D2A1}.Release|Any CPU.ActiveCfg = Release|Any CPU
		{71BD008D-E91D-4121-9DBB-019CB077D2A1}.Release|Any CPU.Build.0 = Release|Any CPU
	EndGlobalSection
	GlobalSection(SolutionProperties) = preSolution
		HideSolutionNode = FALSE
	EndGlobalSection
	GlobalSection(ExtensibilityGlobals) = postSolution
		SolutionGuid = {39B7F49B-2E64-466D-8A8E-6A9849D4C58D}
	EndGlobalSection
EndGlobal
